# THIS IS AN AUTOGENERATED FILE. DO NOT EDIT THIS FILE DIRECTLY.
# yarn lockfile v1


camelcase@^6.0.0:
  version "6.0.0"
  resolved "https://registry.yarnpkg.com/camelcase/-/camelcase-6.0.0.tgz#5259f7c30e35e278f1bdc2a4d91230b37cad981e"
  integrity sha512-8KMDF1Vz2gzOq54ONPJS65IvTUaB1cHJ2DMM7MbPmLZljDH1qpzzLsWdiN9pHh6qvkRVDTi/07+eNGch/oLU4w==
