# THIS IS AN AUTOGENERATED FILE. DO NOT EDIT THIS FILE DIRECTLY.
# yarn lockfile v1


eslint-plugin-prettier@^2.6.0:
  version "2.6.0"
  resolved "https://registry.yarnpkg.com/eslint-plugin-prettier/-/eslint-plugin-prettier-2.6.0.tgz#33e4e228bdb06142d03c560ce04ec23f6c767dd7"
  dependencies:
    fast-diff "^1.1.1"
    jest-docblock "^21.0.0"

fast-diff@^1.1.1:
  version "1.1.2"
  resolved "https://registry.yarnpkg.com/fast-diff/-/fast-diff-1.1.2.tgz#4b62c42b8e03de3f848460b639079920695d0154"

jest-docblock@^21.0.0:
  version "21.2.0"
  resolved "https://registry.yarnpkg.com/jest-docblock/-/jest-docblock-21.2.0.tgz#51529c3b30d5fd159da60c27ceedc195faf8d414"

prettier@^1.11.0:
  version "1.11.0"
  resolved "https://registry.yarnpkg.com/prettier/-/prettier-1.11.0.tgz#c024f70cab158c993f50fc0c25ffe738cb8b0f85"
