
Microsoft Visual Studio Solution File, Format Version 11.00
# Visual Studio 2010
Project("{FAE04EC0-301F-11D3-BF4B-00C04F79EFBC}") = "ConvertHexECG", "ConvertHexECG\ConvertHexECG.csproj", "{4A6EC42F-14A3-46BC-A76F-BAE8EEFA5015}"
EndProject
Global
	GlobalSection(SolutionConfigurationPlatforms) = preSolution
		Debug|x86 = Debug|x86
		Release|x86 = Release|x86
	EndGlobalSection
	GlobalSection(ProjectConfigurationPlatforms) = postSolution
		{4A6EC42F-14A3-46BC-A76F-BAE8EEFA5015}.Debug|x86.ActiveCfg = Debug|x86
		{4A6EC42F-14A3-46BC-A76F-BAE8EEFA5015}.Debug|x86.Build.0 = Debug|x86
		{4A6EC42F-14A3-46BC-A76F-BAE8EEFA5015}.Release|x86.ActiveCfg = Release|x86
		{4A6EC42F-14A3-46BC-A76F-BAE8EEFA5015}.Release|x86.Build.0 = Release|x86
	EndGlobalSection
	GlobalSection(MonoDevelopProperties) = preSolution
		StartupItem = ConvertHexECG\ConvertHexECG.csproj
	EndGlobalSection
EndGlobal
