# THIS IS AN AUTOGENERATED FILE. DO NOT EDIT THIS FILE DIRECTLY.
# yarn lockfile v1


cashify@^2.3.1:
  version "2.3.1"
  resolved "https://registry.yarnpkg.com/cashify/-/cashify-2.3.1.tgz#82969116688442b4b9cc6cf9b903b228c310e16c"
  integrity sha512-ZibBVOjc6M+iBNqEoS9EQJMY1blCUaWh6w4omDoAb/2u7uYOXGuOv+L4XYkgFpszh18oSZvck8Do07rVrh6d6g==
