{
  "requires": true,
  "lockfileVersion": 1,
  "dependencies": {
    "jsonata": {
      "version": "1.5.3",
      "resolved": "https://registry.npmjs.org/jsonata/-/jsonata-1.5.3.tgz",
      "integrity": "sha512-dkXujSyBt/6BtESLvQHrc0OQ+MjSM9FXhb+UkLVrN88Gdh/OjhcDO1C4r8aDrSJxW4mDf9ogFfCAh7rK3rH6KA=="
    }
  }
}
