
Microsoft Visual Studio Solution File, Format Version 12.00
# Visual Studio 2012
Project("{FAE04EC0-301F-11D3-BF4B-00C04F79EFBC}") = "TratandoImagens_SQLServer", "TratandoImagens_SQLServer\TratandoImagens_SQLServer.csproj", "{4C9E98F6-3760-48D4-A9F8-23A3963B2E8D}"
EndProject
Global
	GlobalSection(SolutionConfigurationPlatforms) = preSolution
		Debug|Any CPU = Debug|Any CPU
		Release|Any CPU = Release|Any CPU
	EndGlobalSection
	GlobalSection(ProjectConfigurationPlatforms) = postSolution
		{4C9E98F6-3760-48D4-A9F8-23A3963B2E8D}.Debug|Any CPU.ActiveCfg = Debug|Any CPU
		{4C9E98F6-3760-48D4-A9F8-23A3963B2E8D}.Debug|Any CPU.Build.0 = Debug|Any CPU
		{4C9E98F6-3760-48D4-A9F8-23A3963B2E8D}.Release|Any CPU.ActiveCfg = Release|Any CPU
		{4C9E98F6-3760-48D4-A9F8-23A3963B2E8D}.Release|Any CPU.Build.0 = Release|Any CPU
	EndGlobalSection
	GlobalSection(SolutionProperties) = preSolution
		HideSolutionNode = FALSE
	EndGlobalSection
EndGlobal
